// !$*UTF8*$!
{
	archiveVersion = 1;
	classes = {
	};
	objectVersion = 46;
	objects = {

/* Begin PBXBuildFile section */
		2C17C39619D66AEB00EBE9CD /* AntibioticsVO.m in Sources */ = {isa = PBXBuildFile; fileRef = 2C17C39519D66AEB00EBE9CD /* AntibioticsVO.m */; };
		2C17C39919D66B4500EBE9CD /* FeedRecordVO.m in Sources */ = {isa = PBXBuildFile; fileRef = 2C17C39819D66B4500EBE9CD /* FeedRecordVO.m */; };
		2C1ACC6519D6551A00444069 /* PatientsViewController.m in Sources */ = {isa = PBXBuildFile; fileRef = 2C1ACC6319D6551A00444069 /* PatientsViewController.m */; };
		2C1ACC6619D6551A00444069 /* PatientsViewController.xib in Resources */ = {isa = PBXBuildFile; fileRef = 2C1ACC6419D6551A00444069 /* PatientsViewController.xib */; };
		2C1ACC6A19D6567300444069 /* DBManager.m in Sources */ = {isa = PBXBuildFile; fileRef = 2C1ACC6919D6567300444069 /* DBManager.m */; };
		2C1ACC6D19D666FD00444069 /* PDObject.m in Sources */ = {isa = PBXBuildFile; fileRef = 2C1ACC6C19D666FD00444069 /* PDObject.m */; };
		2C1ACC7119D668E400444069 /* BSugarVO.m in Sources */ = {isa = PBXBuildFile; fileRef = 2C1ACC7019D668E400444069 /* BSugarVO.m */; };
		2C30BFB119D6FA240037A883 /* StoolVO.m in Sources */ = {isa = PBXBuildFile; fileRef = 2C30BFB019D6FA240037A883 /* StoolVO.m */; };
		2C30BFB419D6FAF50037A883 /* TCBVO.m in Sources */ = {isa = PBXBuildFile; fileRef = 2C30BFB319D6FAF50037A883 /* TCBVO.m */; };
		2C30BFB719D6FB520037A883 /* InspectVO.m in Sources */ = {isa = PBXBuildFile; fileRef = 2C30BFB619D6FB520037A883 /* InspectVO.m */; };
		2C30BFC119D6FEBD0037A883 /* DateRecordVO.m in Sources */ = {isa = PBXBuildFile; fileRef = 2C30BFC019D6FEBD0037A883 /* DateRecordVO.m */; };
		2C30BFC419D700360037A883 /* PatientRecord.m in Sources */ = {isa = PBXBuildFile; fileRef = 2C30BFC319D700360037A883 /* PatientRecord.m */; };
		2C7EC5B119D32C2B00830578 /* main.m in Sources */ = {isa = PBXBuildFile; fileRef = 2C7EC5B019D32C2B00830578 /* main.m */; };
		2C7EC5B419D32C2B00830578 /* AppDelegate.m in Sources */ = {isa = PBXBuildFile; fileRef = 2C7EC5B319D32C2B00830578 /* AppDelegate.m */; };
		2C7EC5BC19D32C2B00830578 /* Images.xcassets in Resources */ = {isa = PBXBuildFile; fileRef = 2C7EC5BB19D32C2B00830578 /* Images.xcassets */; };
		2C7EC5BF19D32C2B00830578 /* LaunchScreen.xib in Resources */ = {isa = PBXBuildFile; fileRef = 2C7EC5BD19D32C2B00830578 /* LaunchScreen.xib */; };
		2C7EC5CB19D32C2B00830578 /* DoctorDocTests.m in Sources */ = {isa = PBXBuildFile; fileRef = 2C7EC5CA19D32C2B00830578 /* DoctorDocTests.m */; };
		4E1DA9D816E947618F64247E /* libPods.a in Frameworks */ = {isa = PBXBuildFile; fileRef = 94AF15F7345642ABB0725FA3 /* libPods.a */; };
/* End PBXBuildFile section */

/* Begin PBXContainerItemProxy section */
		2C7EC5C519D32C2B00830578 /* PBXContainerItemProxy */ = {
			isa = PBXContainerItemProxy;
			containerPortal = 2C7EC5A319D32C2B00830578 /* Project object */;
			proxyType = 1;
			remoteGlobalIDString = 2C7EC5AA19D32C2B00830578;
			remoteInfo = DoctorDoc;
		};
/* End PBXContainerItemProxy section */

/* Begin PBXFileReference section */
		2C17C39419D66AEB00EBE9CD /* AntibioticsVO.h */ = {isa = PBXFileReference; fileEncoding = 4; lastKnownFileType = sourcecode.c.h; name = AntibioticsVO.h; path = DataModel/AntibioticsVO.h; sourceTree = "<group>"; };
		2C17C39519D66AEB00EBE9CD /* AntibioticsVO.m */ = {isa = PBXFileReference; fileEncoding = 4; lastKnownFileType = sourcecode.c.objc; name = AntibioticsVO.m; path = DataModel/AntibioticsVO.m; sourceTree = "<group>"; };
		2C17C39719D66B4500EBE9CD /* FeedRecordVO.h */ = {isa = PBXFileReference; fileEncoding = 4; lastKnownFileType = sourcecode.c.h; name = FeedRecordVO.h; path = DataModel/FeedRecordVO.h; sourceTree = "<group>"; };
		2C17C39819D66B4500EBE9CD /* FeedRecordVO.m */ = {isa = PBXFileReference; fileEncoding = 4; lastKnownFileType = sourcecode.c.objc; name = FeedRecordVO.m; path = DataModel/FeedRecordVO.m; sourceTree = "<group>"; };
		2C1ACC6219D6551A00444069 /* PatientsViewController.h */ = {isa = PBXFileReference; fileEncoding = 4; lastKnownFileType = sourcecode.c.h; path = PatientsViewController.h; sourceTree = "<group>"; };
		2C1ACC6319D6551A00444069 /* PatientsViewController.m */ = {isa = PBXFileReference; fileEncoding = 4; lastKnownFileType = sourcecode.c.objc; path = PatientsViewController.m; sourceTree = "<group>"; };
		2C1ACC6419D6551A00444069 /* PatientsViewController.xib */ = {isa = PBXFileReference; fileEncoding = 4; lastKnownFileType = file.xib; path = PatientsViewController.xib; sourceTree = "<group>"; };
		2C1ACC6819D6567300444069 /* DBManager.h */ = {isa = PBXFileReference; fileEncoding = 4; lastKnownFileType = sourcecode.c.h; name = DBManager.h; path = DataModel/DBManager.h; sourceTree = "<group>"; };
		2C1ACC6919D6567300444069 /* DBManager.m */ = {isa = PBXFileReference; fileEncoding = 4; lastKnownFileType = sourcecode.c.objc; name = DBManager.m; path = DataModel/DBManager.m; sourceTree = "<group>"; };
		2C1ACC6B19D666FD00444069 /* PDObject.h */ = {isa = PBXFileReference; fileEncoding = 4; lastKnownFileType = sourcecode.c.h; name = PDObject.h; path = DataModel/PDObject.h; sourceTree = "<group>"; };
		2C1ACC6C19D666FD00444069 /* PDObject.m */ = {isa = PBXFileReference; fileEncoding = 4; lastKnownFileType = sourcecode.c.objc; name = PDObject.m; path = DataModel/PDObject.m; sourceTree = "<group>"; };
		2C1ACC6F19D668E400444069 /* BSugarVO.h */ = {isa = PBXFileReference; fileEncoding = 4; lastKnownFileType = sourcecode.c.h; name = BSugarVO.h; path = DataModel/BSugarVO.h; sourceTree = "<group>"; };
		2C1ACC7019D668E400444069 /* BSugarVO.m */ = {isa = PBXFileReference; fileEncoding = 4; lastKnownFileType = sourcecode.c.objc; name = BSugarVO.m; path = DataModel/BSugarVO.m; sourceTree = "<group>"; };
		2C30BFAF19D6FA240037A883 /* StoolVO.h */ = {isa = PBXFileReference; fileEncoding = 4; lastKnownFileType = sourcecode.c.h; name = StoolVO.h; path = DataModel/StoolVO.h; sourceTree = "<group>"; };
		2C30BFB019D6FA240037A883 /* StoolVO.m */ = {isa = PBXFileReference; fileEncoding = 4; lastKnownFileType = sourcecode.c.objc; name = StoolVO.m; path = DataModel/StoolVO.m; sourceTree = "<group>"; };
		2C30BFB219D6FAF50037A883 /* TCBVO.h */ = {isa = PBXFileReference; fileEncoding = 4; lastKnownFileType = sourcecode.c.h; name = TCBVO.h; path = DataModel/TCBVO.h; sourceTree = "<group>"; };
		2C30BFB319D6FAF50037A883 /* TCBVO.m */ = {isa = PBXFileReference; fileEncoding = 4; lastKnownFileType = sourcecode.c.objc; name = TCBVO.m; path = DataModel/TCBVO.m; sourceTree = "<group>"; };
		2C30BFB519D6FB520037A883 /* InspectVO.h */ = {isa = PBXFileReference; fileEncoding = 4; lastKnownFileType = sourcecode.c.h; name = InspectVO.h; path = DataModel/InspectVO.h; sourceTree = "<group>"; };
		2C30BFB619D6FB520037A883 /* InspectVO.m */ = {isa = PBXFileReference; fileEncoding = 4; lastKnownFileType = sourcecode.c.objc; name = InspectVO.m; path = DataModel/InspectVO.m; sourceTree = "<group>"; };
		2C30BFBF19D6FEBD0037A883 /* DateRecordVO.h */ = {isa = PBXFileReference; fileEncoding = 4; lastKnownFileType = sourcecode.c.h; name = DateRecordVO.h; path = DataModel/DateRecordVO.h; sourceTree = "<group>"; };
		2C30BFC019D6FEBD0037A883 /* DateRecordVO.m */ = {isa = PBXFileReference; fileEncoding = 4; lastKnownFileType = sourcecode.c.objc; name = DateRecordVO.m; path = DataModel/DateRecordVO.m; sourceTree = "<group>"; };
		2C30BFC219D700360037A883 /* PatientRecord.h */ = {isa = PBXFileReference; fileEncoding = 4; lastKnownFileType = sourcecode.c.h; name = PatientRecord.h; path = DataModel/PatientRecord.h; sourceTree = "<group>"; };
		2C30BFC319D700360037A883 /* PatientRecord.m */ = {isa = PBXFileReference; fileEncoding = 4; lastKnownFileType = sourcecode.c.objc; name = PatientRecord.m; path = DataModel/PatientRecord.m; sourceTree = "<group>"; };
		2C7EC5AB19D32C2B00830578 /* DoctorDoc.app */ = {isa = PBXFileReference; explicitFileType = wrapper.application; includeInIndex = 0; path = DoctorDoc.app; sourceTree = BUILT_PRODUCTS_DIR; };
		2C7EC5AF19D32C2B00830578 /* Info.plist */ = {isa = PBXFileReference; lastKnownFileType = text.plist.xml; path = Info.plist; sourceTree = "<group>"; };
		2C7EC5B019D32C2B00830578 /* main.m */ = {isa = PBXFileReference; lastKnownFileType = sourcecode.c.objc; path = main.m; sourceTree = "<group>"; };
		2C7EC5B219D32C2B00830578 /* AppDelegate.h */ = {isa = PBXFileReference; lastKnownFileType = sourcecode.c.h; path = AppDelegate.h; sourceTree = "<group>"; };
		2C7EC5B319D32C2B00830578 /* AppDelegate.m */ = {isa = PBXFileReference; lastKnownFileType = sourcecode.c.objc; path = AppDelegate.m; sourceTree = "<group>"; };
		2C7EC5BB19D32C2B00830578 /* Images.xcassets */ = {isa = PBXFileReference; lastKnownFileType = folder.assetcatalog; path = Images.xcassets; sourceTree = "<group>"; };
		2C7EC5BE19D32C2B00830578 /* Base */ = {isa = PBXFileReference; lastKnownFileType = file.xib; name = Base; path = Base.lproj/LaunchScreen.xib; sourceTree = "<group>"; };
		2C7EC5C419D32C2B00830578 /* DoctorDocTests.xctest */ = {isa = PBXFileReference; explicitFileType = wrapper.cfbundle; includeInIndex = 0; path = DoctorDocTests.xctest; sourceTree = BUILT_PRODUCTS_DIR; };
		2C7EC5C919D32C2B00830578 /* Info.plist */ = {isa = PBXFileReference; lastKnownFileType = text.plist.xml; path = Info.plist; sourceTree = "<group>"; };
		2C7EC5CA19D32C2B00830578 /* DoctorDocTests.m */ = {isa = PBXFileReference; lastKnownFileType = sourcecode.c.objc; path = DoctorDocTests.m; sourceTree = "<group>"; };
		681E81FDDBE5414E9DDA5DFE /* Pods.xcconfig */ = {isa = PBXFileReference; includeInIndex = 1; lastKnownFileType = text.xcconfig; name = Pods.xcconfig; path = Pods/Pods.xcconfig; sourceTree = "<group>"; };
		94AF15F7345642ABB0725FA3 /* libPods.a */ = {isa = PBXFileReference; explicitFileType = archive.ar; includeInIndex = 0; path = libPods.a; sourceTree = BUILT_PRODUCTS_DIR; };
/* End PBXFileReference section */

/* Begin PBXFrameworksBuildPhase section */
		2C7EC5A819D32C2B00830578 /* Frameworks */ = {
			isa = PBXFrameworksBuildPhase;
			buildActionMask = 2147483647;
			files = (
				4E1DA9D816E947618F64247E /* libPods.a in Frameworks */,
			);
			runOnlyForDeploymentPostprocessing = 0;
		};
		2C7EC5C119D32C2B00830578 /* Frameworks */ = {
			isa = PBXFrameworksBuildPhase;
			buildActionMask = 2147483647;
			files = (
			);
			runOnlyForDeploymentPostprocessing = 0;
		};
/* End PBXFrameworksBuildPhase section */

/* Begin PBXGroup section */
		2C1ACC6719D6563E00444069 /* DataModel */ = {
			isa = PBXGroup;
			children = (
				2C1ACC6819D6567300444069 /* DBManager.h */,
				2C1ACC6919D6567300444069 /* DBManager.m */,
				2C1ACC6E19D6688600444069 /* VO */,
			);
			name = DataModel;
			sourceTree = "<group>";
		};
		2C1ACC6E19D6688600444069 /* VO */ = {
			isa = PBXGroup;
			children = (
				2C1ACC6B19D666FD00444069 /* PDObject.h */,
				2C1ACC6C19D666FD00444069 /* PDObject.m */,
				2C30BFB819D6FBB10037A883 /* DayRecordSubVO */,
				2C30BFBF19D6FEBD0037A883 /* DateRecordVO.h */,
				2C30BFC019D6FEBD0037A883 /* DateRecordVO.m */,
				2C30BFC219D700360037A883 /* PatientRecord.h */,
				2C30BFC319D700360037A883 /* PatientRecord.m */,
			);
			name = VO;
			sourceTree = "<group>";
		};
		2C30BFB819D6FBB10037A883 /* DayRecordSubVO */ = {
			isa = PBXGroup;
			children = (
				2C1ACC6F19D668E400444069 /* BSugarVO.h */,
				2C1ACC7019D668E400444069 /* BSugarVO.m */,
				2C17C39419D66AEB00EBE9CD /* AntibioticsVO.h */,
				2C17C39519D66AEB00EBE9CD /* AntibioticsVO.m */,
				2C17C39719D66B4500EBE9CD /* FeedRecordVO.h */,
				2C17C39819D66B4500EBE9CD /* FeedRecordVO.m */,
				2C30BFAF19D6FA240037A883 /* StoolVO.h */,
				2C30BFB019D6FA240037A883 /* StoolVO.m */,
				2C30BFB219D6FAF50037A883 /* TCBVO.h */,
				2C30BFB319D6FAF50037A883 /* TCBVO.m */,
				2C30BFB519D6FB520037A883 /* InspectVO.h */,
				2C30BFB619D6FB520037A883 /* InspectVO.m */,
			);
			name = DayRecordSubVO;
			sourceTree = "<group>";
		};
		2C7EC5A219D32C2B00830578 = {
			isa = PBXGroup;
			children = (
				2C7EC5AD19D32C2B00830578 /* DoctorDoc */,
				2C7EC5C719D32C2B00830578 /* DoctorDocTests */,
				2C7EC5AC19D32C2B00830578 /* Products */,
				681E81FDDBE5414E9DDA5DFE /* Pods.xcconfig */,
				96ECE17EEF604A849D42D491 /* Frameworks */,
			);
			sourceTree = "<group>";
		};
		2C7EC5AC19D32C2B00830578 /* Products */ = {
			isa = PBXGroup;
			children = (
				2C7EC5AB19D32C2B00830578 /* DoctorDoc.app */,
				2C7EC5C419D32C2B00830578 /* DoctorDocTests.xctest */,
			);
			name = Products;
			sourceTree = "<group>";
		};
		2C7EC5AD19D32C2B00830578 /* DoctorDoc */ = {
			isa = PBXGroup;
			children = (
				2C7EC5B219D32C2B00830578 /* AppDelegate.h */,
				2C7EC5B319D32C2B00830578 /* AppDelegate.m */,
				2C7EC5BB19D32C2B00830578 /* Images.xcassets */,
				2C7EC5BD19D32C2B00830578 /* LaunchScreen.xib */,
				2C7EC5AE19D32C2B00830578 /* Supporting Files */,
				2C1ACC6719D6563E00444069 /* DataModel */,
				2C7EC5D719D3303B00830578 /* Patient */,
			);
			path = DoctorDoc;
			sourceTree = "<group>";
		};
		2C7EC5AE19D32C2B00830578 /* Supporting Files */ = {
			isa = PBXGroup;
			children = (
				2C7EC5AF19D32C2B00830578 /* Info.plist */,
				2C7EC5B019D32C2B00830578 /* main.m */,
			);
			name = "Supporting Files";
			sourceTree = "<group>";
		};
		2C7EC5C719D32C2B00830578 /* DoctorDocTests */ = {
			isa = PBXGroup;
			children = (
				2C7EC5CA19D32C2B00830578 /* DoctorDocTests.m */,
				2C7EC5C819D32C2B00830578 /* Supporting Files */,
			);
			path = DoctorDocTests;
			sourceTree = "<group>";
		};
		2C7EC5C819D32C2B00830578 /* Supporting Files */ = {
			isa = PBXGroup;
			children = (
				2C7EC5C919D32C2B00830578 /* Info.plist */,
			);
			name = "Supporting Files";
			sourceTree = "<group>";
		};
		2C7EC5D719D3303B00830578 /* Patient */ = {
			isa = PBXGroup;
			children = (
				2C1ACC6219D6551A00444069 /* PatientsViewController.h */,
				2C1ACC6319D6551A00444069 /* PatientsViewController.m */,
				2C1ACC6419D6551A00444069 /* PatientsViewController.xib */,
			);
			name = Patient;
			sourceTree = "<group>";
		};
		96ECE17EEF604A849D42D491 /* Frameworks */ = {
			isa = PBXGroup;
			children = (
				94AF15F7345642ABB0725FA3 /* libPods.a */,
			);
			name = Frameworks;
			sourceTree = "<group>";
		};
/* End PBXGroup section */

/* Begin PBXNativeTarget section */
		2C7EC5AA19D32C2B00830578 /* DoctorDoc */ = {
			isa = PBXNativeTarget;
			buildConfigurationList = 2C7EC5CE19D32C2B00830578 /* Build configuration list for PBXNativeTarget "DoctorDoc" */;
			buildPhases = (
				A7BF66424FCB4383BF6DFB97 /* Check Pods Manifest.lock */,
				2C7EC5A719D32C2B00830578 /* Sources */,
				2C7EC5A819D32C2B00830578 /* Frameworks */,
				2C7EC5A919D32C2B00830578 /* Resources */,
				F57D7CF432EB44168D6F14BE /* Copy Pods Resources */,
			);
			buildRules = (
			);
			dependencies = (
			);
			name = DoctorDoc;
			productName = DoctorDoc;
			productReference = 2C7EC5AB19D32C2B00830578 /* DoctorDoc.app */;
			productType = "com.apple.product-type.application";
		};
		2C7EC5C319D32C2B00830578 /* DoctorDocTests */ = {
			isa = PBXNativeTarget;
			buildConfigurationList = 2C7EC5D119D32C2B00830578 /* Build configuration list for PBXNativeTarget "DoctorDocTests" */;
			buildPhases = (
				2C7EC5C019D32C2B00830578 /* Sources */,
				2C7EC5C119D32C2B00830578 /* Frameworks */,
				2C7EC5C219D32C2B00830578 /* Resources */,
			);
			buildRules = (
			);
			dependencies = (
				2C7EC5C619D32C2B00830578 /* PBXTargetDependency */,
			);
			name = DoctorDocTests;
			productName = DoctorDocTests;
			productReference = 2C7EC5C419D32C2B00830578 /* DoctorDocTests.xctest */;
			productType = "com.apple.product-type.bundle.unit-test";
		};
/* End PBXNativeTarget section */

/* Begin PBXProject section */
		2C7EC5A319D32C2B00830578 /* Project object */ = {
			isa = PBXProject;
			attributes = {
				LastUpgradeCheck = 0600;
				ORGANIZATIONNAME = ifwang;
				TargetAttributes = {
					2C7EC5AA19D32C2B00830578 = {
						CreatedOnToolsVersion = 6.0.1;
						DevelopmentTeam = 94C42HJNA7;
					};
					2C7EC5C319D32C2B00830578 = {
						CreatedOnToolsVersion = 6.0.1;
						TestTargetID = 2C7EC5AA19D32C2B00830578;
					};
				};
			};
			buildConfigurationList = 2C7EC5A619D32C2B00830578 /* Build configuration list for PBXProject "DoctorDoc" */;
			compatibilityVersion = "Xcode 3.2";
			developmentRegion = English;
			hasScannedForEncodings = 0;
			knownRegions = (
				en,
				Base,
			);
			mainGroup = 2C7EC5A219D32C2B00830578;
			productRefGroup = 2C7EC5AC19D32C2B00830578 /* Products */;
			projectDirPath = "";
			projectRoot = "";
			targets = (
				2C7EC5AA19D32C2B00830578 /* DoctorDoc */,
				2C7EC5C319D32C2B00830578 /* DoctorDocTests */,
			);
		};
/* End PBXProject section */

/* Begin PBXResourcesBuildPhase section */
		2C7EC5A919D32C2B00830578 /* Resources */ = {
			isa = PBXResourcesBuildPhase;
			buildActionMask = 2147483647;
			files = (
				2C7EC5BF19D32C2B00830578 /* LaunchScreen.xib in Resources */,
				2C1ACC6619D6551A00444069 /* PatientsViewController.xib in Resources */,
				2C7EC5BC19D32C2B00830578 /* Images.xcassets in Resources */,
			);
			runOnlyForDeploymentPostprocessing = 0;
		};
		2C7EC5C219D32C2B00830578 /* Resources */ = {
			isa = PBXResourcesBuildPhase;
			buildActionMask = 2147483647;
			files = (
			);
			runOnlyForDeploymentPostprocessing = 0;
		};
/* End PBXResourcesBuildPhase section */

/* Begin PBXShellScriptBuildPhase section */
		A7BF66424FCB4383BF6DFB97 /* Check Pods Manifest.lock */ = {
			isa = PBXShellScriptBuildPhase;
			buildActionMask = 2147483647;
			files = (
			);
			inputPaths = (
			);
			name = "Check Pods Manifest.lock";
			outputPaths = (
			);
			runOnlyForDeploymentPostprocessing = 0;
			shellPath = /bin/sh;
			shellScript = "diff \"${PODS_ROOT}/../Podfile.lock\" \"${PODS_ROOT}/Manifest.lock\" > /dev/null\nif [[ $? != 0 ]] ; then\n    cat << EOM\nerror: The sandbox is not in sync with the Podfile.lock. Run 'pod install' or update your CocoaPods installation.\nEOM\n    exit 1\nfi\n";
			showEnvVarsInLog = 0;
		};
		F57D7CF432EB44168D6F14BE /* Copy Pods Resources */ = {
			isa = PBXShellScriptBuildPhase;
			buildActionMask = 2147483647;
			files = (
			);
			inputPaths = (
			);
			name = "Copy Pods Resources";
			outputPaths = (
			);
			runOnlyForDeploymentPostprocessing = 0;
			shellPath = /bin/sh;
			shellScript = "\"${SRCROOT}/Pods/Pods-resources.sh\"\n";
			showEnvVarsInLog = 0;
		};
/* End PBXShellScriptBuildPhase section */

/* Begin PBXSourcesBuildPhase section */
		2C7EC5A719D32C2B00830578 /* Sources */ = {
			isa = PBXSourcesBuildPhase;
			buildActionMask = 2147483647;
			files = (
				2C1ACC7119D668E400444069 /* BSugarVO.m in Sources */,
				2C17C39919D66B4500EBE9CD /* FeedRecordVO.m in Sources */,
				2C30BFC419D700360037A883 /* PatientRecord.m in Sources */,
				2C1ACC6D19D666FD00444069 /* PDObject.m in Sources */,
				2C1ACC6519D6551A00444069 /* PatientsViewController.m in Sources */,
				2C30BFB419D6FAF50037A883 /* TCBVO.m in Sources */,
				2C30BFB719D6FB520037A883 /* InspectVO.m in Sources */,
				2C7EC5B419D32C2B00830578 /* AppDelegate.m in Sources */,
				2C17C39619D66AEB00EBE9CD /* AntibioticsVO.m in Sources */,
				2C7EC5B119D32C2B00830578 /* main.m in Sources */,
				2C1ACC6A19D6567300444069 /* DBManager.m in Sources */,
				2C30BFB119D6FA240037A883 /* StoolVO.m in Sources */,
				2C30BFC119D6FEBD0037A883 /* DateRecordVO.m in Sources */,
			);
			runOnlyForDeploymentPostprocessing = 0;
		};
		2C7EC5C019D32C2B00830578 /* Sources */ = {
			isa = PBXSourcesBuildPhase;
			buildActionMask = 2147483647;
			files = (
				2C7EC5CB19D32C2B00830578 /* DoctorDocTests.m in Sources */,
			);
			runOnlyForDeploymentPostprocessing = 0;
		};
/* End PBXSourcesBuildPhase section */

/* Begin PBXTargetDependency section */
		2C7EC5C619D32C2B00830578 /* PBXTargetDependency */ = {
			isa = PBXTargetDependency;
			target = 2C7EC5AA19D32C2B00830578 /* DoctorDoc */;
			targetProxy = 2C7EC5C519D32C2B00830578 /* PBXContainerItemProxy */;
		};
/* End PBXTargetDependency section */

/* Begin PBXVariantGroup section */
		2C7EC5BD19D32C2B00830578 /* LaunchScreen.xib */ = {
			isa = PBXVariantGroup;
			children = (
				2C7EC5BE19D32C2B00830578 /* Base */,
			);
			name = LaunchScreen.xib;
			sourceTree = "<group>";
		};
/* End PBXVariantGroup section */

/* Begin XCBuildConfiguration section */
		2C7EC5CC19D32C2B00830578 /* Debug */ = {
			isa = XCBuildConfiguration;
			buildSettings = {
				ALWAYS_SEARCH_USER_PATHS = NO;
				CLANG_CXX_LANGUAGE_STANDARD = "gnu++0x";
				CLANG_CXX_LIBRARY = "libc++";
				CLANG_ENABLE_MODULES = YES;
				CLANG_ENABLE_OBJC_ARC = YES;
				CLANG_WARN_BOOL_CONVERSION = YES;
				CLANG_WARN_CONSTANT_CONVERSION = YES;
				CLANG_WARN_DIRECT_OBJC_ISA_USAGE = YES_ERROR;
				CLANG_WARN_EMPTY_BODY = YES;
				CLANG_WARN_ENUM_CONVERSION = YES;
				CLANG_WARN_INT_CONVERSION = YES;
				CLANG_WARN_OBJC_ROOT_CLASS = YES_ERROR;
				CLANG_WARN_UNREACHABLE_CODE = YES;
				CLANG_WARN__DUPLICATE_METHOD_MATCH = YES;
				"CODE_SIGN_IDENTITY[sdk=iphoneos*]" = "iPhone Developer";
				COPY_PHASE_STRIP = NO;
				ENABLE_STRICT_OBJC_MSGSEND = YES;
				GCC_C_LANGUAGE_STANDARD = gnu99;
				GCC_DYNAMIC_NO_PIC = NO;
				GCC_OPTIMIZATION_LEVEL = 0;
				GCC_PREPROCESSOR_DEFINITIONS = (
					"DEBUG=1",
					"$(inherited)",
				);
				GCC_SYMBOLS_PRIVATE_EXTERN = NO;
				GCC_WARN_64_TO_32_BIT_CONVERSION = YES;
				GCC_WARN_ABOUT_RETURN_TYPE = YES_ERROR;
				GCC_WARN_UNDECLARED_SELECTOR = YES;
				GCC_WARN_UNINITIALIZED_AUTOS = YES_AGGRESSIVE;
				GCC_WARN_UNUSED_FUNCTION = YES;
				GCC_WARN_UNUSED_VARIABLE = YES;
				IPHONEOS_DEPLOYMENT_TARGET = 8.0;
				MTL_ENABLE_DEBUG_INFO = YES;
				ONLY_ACTIVE_ARCH = YES;
				SDKROOT = iphoneos;
			};
			name = Debug;
		};
		2C7EC5CD19D32C2B00830578 /* Release */ = {
			isa = XCBuildConfiguration;
			buildSettings = {
				ALWAYS_SEARCH_USER_PATHS = NO;
				CLANG_CXX_LANGUAGE_STANDARD = "gnu++0x";
				CLANG_CXX_LIBRARY = "libc++";
				CLANG_ENABLE_MODULES = YES;
				CLANG_ENABLE_OBJC_ARC = YES;
				CLANG_WARN_BOOL_CONVERSION = YES;
				CLANG_WARN_CONSTANT_CONVERSION = YES;
				CLANG_WARN_DIRECT_OBJC_ISA_USAGE = YES_ERROR;
				CLANG_WARN_EMPTY_BODY = YES;
				CLANG_WARN_ENUM_CONVERSION = YES;
				CLANG_WARN_INT_CONVERSION = YES;
				CLANG_WARN_OBJC_ROOT_CLASS = YES_ERROR;
				CLANG_WARN_UNREACHABLE_CODE = YES;
				CLANG_WARN__DUPLICATE_METHOD_MATCH = YES;
				"CODE_SIGN_IDENTITY[sdk=iphoneos*]" = "iPhone Developer";
				COPY_PHASE_STRIP = YES;
				ENABLE_NS_ASSERTIONS = NO;
				ENABLE_STRICT_OBJC_MSGSEND = YES;
				GCC_C_LANGUAGE_STANDARD = gnu99;
				GCC_WARN_64_TO_32_BIT_CONVERSION = YES;
				GCC_WARN_ABOUT_RETURN_TYPE = YES_ERROR;
				GCC_WARN_UNDECLARED_SELECTOR = YES;
				GCC_WARN_UNINITIALIZED_AUTOS = YES_AGGRESSIVE;
				GCC_WARN_UNUSED_FUNCTION = YES;
				GCC_WARN_UNUSED_VARIABLE = YES;
				IPHONEOS_DEPLOYMENT_TARGET = 8.0;
				MTL_ENABLE_DEBUG_INFO = NO;
				SDKROOT = iphoneos;
				VALIDATE_PRODUCT = YES;
			};
			name = Release;
		};
		2C7EC5CF19D32C2B00830578 /* Debug */ = {
			isa = XCBuildConfiguration;
			baseConfigurationReference = 681E81FDDBE5414E9DDA5DFE /* Pods.xcconfig */;
			buildSettings = {
				ASSETCATALOG_COMPILER_APPICON_NAME = AppIcon;
				CODE_SIGN_IDENTITY = "iPhone Developer";
				INFOPLIST_FILE = DoctorDoc/Info.plist;
				IPHONEOS_DEPLOYMENT_TARGET = 7.0;
				LD_RUNPATH_SEARCH_PATHS = "$(inherited) @executable_path/Frameworks";
				PRODUCT_NAME = "$(TARGET_NAME)";
			};
			name = Debug;
		};
		2C7EC5D019D32C2B00830578 /* Release */ = {
			isa = XCBuildConfiguration;
			baseConfigurationReference = 681E81FDDBE5414E9DDA5DFE /* Pods.xcconfig */;
			buildSettings = {
				ASSETCATALOG_COMPILER_APPICON_NAME = AppIcon;
				CODE_SIGN_IDENTITY = "iPhone Developer";
				INFOPLIST_FILE = DoctorDoc/Info.plist;
				IPHONEOS_DEPLOYMENT_TARGET = 7.0;
				LD_RUNPATH_SEARCH_PATHS = "$(inherited) @executable_path/Frameworks";
				PRODUCT_NAME = "$(TARGET_NAME)";
			};
			name = Release;
		};
		2C7EC5D219D32C2B00830578 /* Debug */ = {
			isa = XCBuildConfiguration;
			buildSettings = {
				BUNDLE_LOADER = "$(TEST_HOST)";
				FRAMEWORK_SEARCH_PATHS = (
					"$(SDKROOT)/Developer/Library/Frameworks",
					"$(inherited)",
				);
				GCC_PREPROCESSOR_DEFINITIONS = (
					"DEBUG=1",
					"$(inherited)",
				);
				INFOPLIST_FILE = DoctorDocTests/Info.plist;
				LD_RUNPATH_SEARCH_PATHS = "$(inherited) @executable_path/Frameworks @loader_path/Frameworks";
				PRODUCT_NAME = "$(TARGET_NAME)";
				TEST_HOST = "$(BUILT_PRODUCTS_DIR)/DoctorDoc.app/DoctorDoc";
			};
			name = Debug;
		};
		2C7EC5D319D32C2B00830578 /* Release */ = {
			isa = XCBuildConfiguration;
			buildSettings = {
				BUNDLE_LOADER = "$(TEST_HOST)";
				FRAMEWORK_SEARCH_PATHS = (
					"$(SDKROOT)/Developer/Library/Frameworks",
					"$(inherited)",
				);
				INFOPLIST_FILE = DoctorDocTests/Info.plist;
				LD_RUNPATH_SEARCH_PATHS = "$(inherited) @executable_path/Frameworks @loader_path/Frameworks";
				PRODUCT_NAME = "$(TARGET_NAME)";
				TEST_HOST = "$(BUILT_PRODUCTS_DIR)/DoctorDoc.app/DoctorDoc";
			};
			name = Release;
		};
/* End XCBuildConfiguration section */

/* Begin XCConfigurationList section */
		2C7EC5A619D32C2B00830578 /* Build configuration list for PBXProject "DoctorDoc" */ = {
			isa = XCConfigurationList;
			buildConfigurations = (
				2C7EC5CC19D32C2B00830578 /* Debug */,
				2C7EC5CD19D32C2B00830578 /* Release */,
			);
			defaultConfigurationIsVisible = 0;
			defaultConfigurationName = Release;
		};
		2C7EC5CE19D32C2B00830578 /* Build configuration list for PBXNativeTarget "DoctorDoc" */ = {
			isa = XCConfigurationList;
			buildConfigurations = (
				2C7EC5CF19D32C2B00830578 /* Debug */,
				2C7EC5D019D32C2B00830578 /* Release */,
			);
			defaultConfigurationIsVisible = 0;
			defaultConfigurationName = Release;
		};
		2C7EC5D119D32C2B00830578 /* Build configuration list for PBXNativeTarget "DoctorDocTests" */ = {
			isa = XCConfigurationList;
			buildConfigurations = (
				2C7EC5D219D32C2B00830578 /* Debug */,
				2C7EC5D319D32C2B00830578 /* Release */,
			);
			defaultConfigurationIsVisible = 0;
			defaultConfigurationName = Release;
		};
/* End XCConfigurationList section */
	};
	rootObject = 2C7EC5A319D32C2B00830578 /* Project object */;
}
